
Microsoft Visual Studio Solution File, Format Version 12.00
# Visual Studio Version 16
VisualStudioVersion = 16.0.30204.135
MinimumVisualStudioVersion = 10.0.40219.1
Project("{FAE04EC0-301F-11D3-BF4B-00C04F79EFBC}") = "Hello", "Hello\Hello.csproj", "{8803EA9D-F3E6-4ACE-9595-4C79857803DB}"
EndProject
Project("{FAE04EC0-301F-11D3-BF4B-00C04F79EFBC}") = "helloTest", "helloTest\helloTest.csproj", "{21707E46-40AD-446D-866B-08194F921BAF}"
EndProject
Global
	GlobalSection(SolutionConfigurationPlatforms) = preSolution
		Debug|Any CPU = Debug|Any CPU
		Release|Any CPU = Release|Any CPU
	EndGlobalSection
	GlobalSection(ProjectConfigurationPlatforms) = postSolution
		{8803EA9D-F3E6-4ACE-9595-4C79857803DB}.Debug|Any CPU.ActiveCfg = Debug|Any CPU
		{8803EA9D-F3E6-4ACE-9595-4C79857803DB}.Debug|Any CPU.Build.0 = Debug|Any CPU
		{8803EA9D-F3E6-4ACE-9595-4C79857803DB}.Release|Any CPU.ActiveCfg = Release|Any CPU
		{8803EA9D-F3E6-4ACE-9595-4C79857803DB}.Release|Any CPU.Build.0 = Release|Any CPU
		{21707E46-40AD-446D-866B-08194F921BAF}.Debug|Any CPU.ActiveCfg = Debug|Any CPU
		{21707E46-40AD-446D-866B-08194F921BAF}.Debug|Any CPU.Build.0 = Debug|Any CPU
		{21707E46-40AD-446D-866B-08194F921BAF}.Release|Any CPU.ActiveCfg = Release|Any CPU
		{21707E46-40AD-446D-866B-08194F921BAF}.Release|Any CPU.Build.0 = Release|Any CPU
	EndGlobalSection
	GlobalSection(SolutionProperties) = preSolution
		HideSolutionNode = FALSE
	EndGlobalSection
	GlobalSection(ExtensibilityGlobals) = postSolution
		SolutionGuid = {6F3F177B-4459-48E2-89A4-9F9D6006B463}
	EndGlobalSection
EndGlobal
